<?xml version="1.0" encoding="utf-8"?>
<Project ToolsVersion="4.0" xmlns="http://schemas.microsoft.com/developer/msbuild/2003">
  <ItemGroup>
    <Filter Include="Source Files">
      <UniqueIdentifier>{4FC737F1-C7A5-4376-A066-2A32D752A2FF}</UniqueIdentifier>
      <Extensions>cpp;c;cc;cxx;c++;cppm;ixx;def;odl;idl;hpj;bat;asm;asmx</Extensions>
    </Filter>
    <Filter Include="Header Files">
      <UniqueIdentifier>{93995380-89BD-4b04-88EB-625FBE52EBFB}</UniqueIdentifier>
      <Extensions>h;hh;hpp;hxx;h++;hm;inl;inc;ipp;xsd</Extensions>
    </Filter>
    <Filter Include="Resource Files">
      <UniqueIdentifier>{67DA6AB6-F800-4c08-8B7A-83BB121AAD01}</UniqueIdentifier>
      <Extensions>rc;ico;cur;bmp;dlg;rc2;rct;bin;rgs;gif;jpg;jpeg;jpe;resx;tiff;tif;png;wav;mfcribbon-ms</Extensions>
    </Filter>
    <Filter Include="mpm">
      <UniqueIdentifier>{4f30e3f8-a973-43e6-a01b-557b1944f954}</UniqueIdentifier>
    </Filter>
  </ItemGroup>
  <ItemGroup>
    <ClInclude Include="framework.h">
      <Filter>Header Files</Filter>
    </ClInclude>
    <ClInclude Include="pch.h">
      <Filter>Header Files</Filter>
    </ClInclude>
    <ClInclude Include="MaterialPoint.h">
      <Filter>mpm</Filter>
    </ClInclude>
    <ClInclude Include="PointCloud.h">
      <Filter>mpm</Filter>
    </ClInclude>
    <ClInclude Include="Grid.h">
      <Filter>mpm</Filter>
    </ClInclude>
    <ClInclude Include="GridNode.h">
      <Filter>mpm</Filter>
    </ClInclude>
    <ClInclude Include="ForwardSimulation.h">
      <Filter>mpm</Filter>
    </ClInclude>
    <ClInclude Include="Elasticity.h">
      <Filter>mpm</Filter>
    </ClInclude>
    <ClInclude Include="GeometryLoading.h">
      <Filter>mpm</Filter>
    </ClInclude>
    <ClInclude Include="Interpolation.h">
      <Filter>mpm</Filter>
    </ClInclude>
    <ClInclude Include="CompGraph.h">
      <Filter>mpm</Filter>
    </ClInclude>
    <ClInclude Include="BackPropagation.h">
      <Filter>mpm</Filter>
    </ClInclude>
    <ClInclude Include="Tensor3x3x3x3.h">
      <Filter>mpm</Filter>
    </ClInclude>
    <ClInclude Include="MultiThreadForwardSimulation.h">
      <Filter>mpm</Filter>
    </ClInclude>
  </ItemGroup>
  <ItemGroup>
    <ClCompile Include="pch.cpp">
      <Filter>Source Files</Filter>
    </ClCompile>
    <ClCompile Include="Grid.cpp">
      <Filter>Source Files</Filter>
    </ClCompile>
    <ClCompile Include="Elasticity.cpp">
      <Filter>Source Files</Filter>
    </ClCompile>
    <ClCompile Include="ForwardSimulation.cpp">
      <Filter>Source Files</Filter>
    </ClCompile>
    <ClCompile Include="GeometryLoading.cpp">
      <Filter>Source Files</Filter>
    </ClCompile>
    <ClCompile Include="PointCloud.cpp">
      <Filter>Source Files</Filter>
    </ClCompile>
    <ClCompile Include="CompGraph.cpp">
      <Filter>Source Files</Filter>
    </ClCompile>
    <ClCompile Include="BackPropagation.cpp">
      <Filter>Source Files</Filter>
    </ClCompile>
    <ClCompile Include="MaterialPoint.cpp">
      <Filter>Source Files</Filter>
    </ClCompile>
    <ClCompile Include="GridNode.cpp">
      <Filter>Source Files</Filter>
    </ClCompile>
    <ClCompile Include="Tensor3x3x3x3.cpp">
      <Filter>Source Files</Filter>
    </ClCompile>
    <ClCompile Include="MultiThreadForwardSimulation.cpp">
      <Filter>Source Files</Filter>
    </ClCompile>
  </ItemGroup>
</Project>